
Microsoft Visual Studio Solution File, Format Version 12.00
# Visual Studio Version 17
VisualStudioVersion = 17.2.32616.157
MinimumVisualStudioVersion = 10.0.40219.1
Project("{FAE04EC0-301F-11D3-BF4B-00C04F79EFBC}") = "Industrial warehouse", "Industrial warehouse\Industrial warehouse.csproj", "{8230DDA2-B5F4-425C-9DBF-77E223D621C9}"
EndProject
Global
	GlobalSection(SolutionConfigurationPlatforms) = preSolution
		Debug|Any CPU = Debug|Any CPU
		Release|Any CPU = Release|Any CPU
	EndGlobalSection
	GlobalSection(ProjectConfigurationPlatforms) = postSolution
		{8230DDA2-B5F4-425C-9DBF-77E223D621C9}.Debug|Any CPU.ActiveCfg = Debug|Any CPU
		{8230DDA2-B5F4-425C-9DBF-77E223D621C9}.Debug|Any CPU.Build.0 = Debug|Any CPU
		{8230DDA2-B5F4-425C-9DBF-77E223D621C9}.Release|Any CPU.ActiveCfg = Release|Any CPU
		{8230DDA2-B5F4-425C-9DBF-77E223D621C9}.Release|Any CPU.Build.0 = Release|Any CPU
	EndGlobalSection
	GlobalSection(SolutionProperties) = preSolution
		HideSolutionNode = FALSE
	EndGlobalSection
	GlobalSection(ExtensibilityGlobals) = postSolution
		SolutionGuid = {6CF362A0-16C3-4DC7-9A0B-75C7CEF62B45}
	EndGlobalSection
EndGlobal
